<?xml version="1.0" encoding="utf-8"?>
<Project ToolsVersion="4.0" xmlns="http://schemas.microsoft.com/developer/msbuild/2003">
  <ItemGroup>
    <FxCompile Include="hitShaderLib.hlsl" />
    <FxCompile Include="missShaderLib.hlsl" />
    <FxCompile Include="missShadowsLib.hlsl" />
    <FxCompile Include="RayGenerationShaderLib.hlsl" />
    <FxCompile Include="RayGenerationShaderSSRLib.hlsl" />
    <FxCompile Include="RayGenerationShadowsLib.hlsl" />
    <FxCompile Include="hitShaderLib.hlsl" />
    <FxCompile Include="missShaderLib.hlsl" />
    <FxCompile Include="missShadowsLib.hlsl" />
    <FxCompile Include="RayGenerationShaderLib.hlsl" />
    <FxCompile Include="RayGenerationShaderSSRLib.hlsl" />
    <FxCompile Include="RayGenerationShadowsLib.hlsl" />
    <FxCompile Include="hitShaderLib.hlsl" />
    <FxCompile Include="missShaderLib.hlsl" />
    <FxCompile Include="missShadowsLib.hlsl" />
    <FxCompile Include="RayGenerationShaderLib.hlsl" />
    <FxCompile Include="RayGenerationShaderSSRLib.hlsl" />
    <FxCompile Include="RayGenerationShadowsLib.hlsl" />
    <FxCompile Include="hitShaderLib.hlsl" />
    <FxCompile Include="missShaderLib.hlsl" />
    <FxCompile Include="missShadowsLib.hlsl" />
    <FxCompile Include="RayGenerationShaderLib.hlsl" />
    <FxCompile Include="RayGenerationShaderSSRLib.hlsl" />
    <FxCompile Include="RayGenerationShadowsLib.hlsl" />
    <FxCompile Include="*Lib.hlsl">
      <Filter>Shaders</Filter>
    </FxCompile>
    <FxCompile Include="*Lib.hlsl">
      <Filter>Shaders</Filter>
    </FxCompile>
    <FxCompile Include="*Lib.hlsl">
      <Filter>Shaders</Filter>
    </FxCompile>
    <FxCompile Include="*Lib.hlsl">
      <Filter>Shaders</Filter>
    </FxCompile>
    <FxCompile Include="*Lib.hlsl">
      <Filter>Shaders</Filter>
    </FxCompile>
    <FxCompile Include="*Lib.hlsl">
      <Filter>Shaders</Filter>
    </FxCompile>
    <FxCompile Include="*Lib.hlsl">
      <Filter>Shaders</Filter>
    </FxCompile>
    <FxCompile Include="*Lib.hlsl" />
    <FxCompile Include="*Lib.hlsl" />
    <FxCompile Include="*Lib.hlsl" />
    <FxCompile Include="*Lib.hlsl" />
    <FxCompile Include="*Lib.hlsl" />
    <FxCompile Include="*Lib.hlsl" />
    <FxCompile Include="*Lib.hlsl" />
    <FxCompile Include="*Lib.hlsl" />
    <FxCompile Include="*Lib.hlsl" />
    <FxCompile Include="*Lib.hlsl" />
    <FxCompile Include="*Lib.hlsl" />
    <FxCompile Include="*Lib.hlsl" />
    <FxCompile Include="*Lib.hlsl" />
    <FxCompile Include="*Lib.hlsl" />
    <FxCompile Include="*Lib.hlsl" />
    <FxCompile Include="*Lib.hlsl" />
    <FxCompile Include="*Lib.hlsl" />
    <FxCompile Include="*Lib.hlsl" />
    <FxCompile Include="*Lib.hlsl" />
    <FxCompile Include="*Lib.hlsl" />
    <FxCompile Include="*Lib.hlsl" />
    <FxCompile Include="*Lib.hlsl" />
    <FxCompile Include="*Lib.hlsl" />
    <FxCompile Include="*Lib.hlsl" />
    <FxCompile Include="*Lib.hlsl" />
    <FxCompile Include="*Lib.hlsl" />
    <FxCompile Include="*Lib.hlsl" />
    <FxCompile Include="*Lib.hlsl" />
    <FxCompile Include="*Lib.hlsl" />
    <FxCompile Include="*Lib.hlsl" />
    <FxCompile Include="*Lib.hlsl" />
    <FxCompile Include="*Lib.hlsl" />
    <FxCompile Include="*Lib.hlsl" />
    <FxCompile Include="*Lib.hlsl" />
    <FxCompile Include="*Lib.hlsl" />
    <FxCompile Include="*Lib.hlsl" />
    <FxCompile Include="*Lib.hlsl" />
    <FxCompile Include="*Lib.hlsl" />
    <FxCompile Include="*Lib.hlsl" />
    <FxCompile Include="*Lib.hlsl" />
    <FxCompile Include="*Lib.hlsl" />
    <FxCompile Include="*Lib.hlsl" />
    <FxCompile Include="*Lib.hlsl" />
    <FxCompile Include="*Lib.hlsl" />
    <FxCompile Include="*Lib.hlsl" />
    <FxCompile Include="*Lib.hlsl" />
    <FxCompile Include="*Lib.hlsl" />
    <FxCompile Include="*Lib.hlsl" />
    <FxCompile Include="*Lib.hlsl" />
    <FxCompile Include="*Lib.hlsl" />
    <FxCompile Include="*Lib.hlsl" />
    <FxCompile Include="*Lib.hlsl" />
    <FxCompile Include="*Lib.hlsl" />
    <FxCompile Include="*Lib.hlsl" />
    <FxCompile Include="*Lib.hlsl" />
    <FxCompile Include="*Lib.hlsl" />
    <FxCompile Include="*Lib.hlsl" />
    <FxCompile Include="*Lib.hlsl" />
    <FxCompile Include="*Lib.hlsl" />
    <FxCompile Include="*Lib.hlsl" />
    <FxCompile Include="*Lib.hlsl" />
    <FxCompile Include="*Lib.hlsl" />
    <FxCompile Include="*Lib.hlsl" />
    <FxCompile Include="*Lib.hlsl" />
    <FxCompile Include="*Lib.hlsl" />
    <FxCompile Include="*Lib.hlsl" />
    <FxCompile Include="*Lib.hlsl">
      <Filter>Shaders</Filter>
    </FxCompile>
    <FxCompile Include="*Lib.hlsl">
      <Filter>Shaders</Filter>
    </FxCompile>
    <FxCompile Include="*Lib.hlsl">
      <Filter>Shaders</Filter>
    </FxCompile>
    <FxCompile Include="*Lib.hlsl">
      <Filter>Shaders</Filter>
    </FxCompile>
    <FxCompile Include="*Lib.hlsl">
      <Filter>Shaders</Filter>
    </FxCompile>
    <FxCompile Include="*Lib.hlsl">
      <Filter>Shaders</Filter>
    </FxCompile>
    <FxCompile Include="*Lib.hlsl">
      <Filter>Shaders</Filter>
    </FxCompile>
    <FxCompile Include="*Lib.hlsl" />
    <FxCompile Include="*Lib.hlsl" />
    <FxCompile Include="*Lib.hlsl" />
    <FxCompile Include="*Lib.hlsl" />
    <FxCompile Include="*Lib.hlsl" />
    <FxCompile Include="*Lib.hlsl" />
    <FxCompile Include="*Lib.hlsl" />
    <FxCompile Include="*Lib.hlsl" />
    <FxCompile Include="*Lib.hlsl" />
    <FxCompile Include="*Lib.hlsl" />
    <FxCompile Include="*Lib.hlsl" />
    <FxCompile Include="*Lib.hlsl" />
    <FxCompile Include="*Lib.hlsl" />
    <FxCompile Include="*Lib.hlsl" />
    <FxCompile Include="*Lib.hlsl" />
    <FxCompile Include="*Lib.hlsl" />
    <FxCompile Include="*Lib.hlsl" />
    <FxCompile Include="*Lib.hlsl" />
    <FxCompile Include="*Lib.hlsl" />
    <FxCompile Include="*Lib.hlsl" />
    <FxCompile Include="*Lib.hlsl" />
    <FxCompile Include="*Lib.hlsl" />
    <FxCompile Include="*Lib.hlsl" />
    <FxCompile Include="*Lib.hlsl" />
    <FxCompile Include="*Lib.hlsl" />
    <FxCompile Include="*Lib.hlsl" />
    <FxCompile Include="*Lib.hlsl" />
    <FxCompile Include="*Lib.hlsl" />
    <FxCompile Include="*Lib.hlsl" />
    <FxCompile Include="*Lib.hlsl" />
    <FxCompile Include="*Lib.hlsl" />
    <FxCompile Include="*Lib.hlsl" />
    <FxCompile Include="*Lib.hlsl" />
    <FxCompile Include="*Lib.hlsl" />
    <FxCompile Include="*Lib.hlsl" />
    <FxCompile Include="*Lib.hlsl" />
    <FxCompile Include="*Lib.hlsl" />
    <FxCompile Include="*Lib.hlsl" />
    <FxCompile Include="*Lib.hlsl" />
    <FxCompile Include="*Lib.hlsl" />
    <FxCompile Include="*Lib.hlsl" />
    <FxCompile Include="*Lib.hlsl" />
    <FxCompile Include="*Lib.hlsl" />
    <FxCompile Include="*Lib.hlsl" />
    <FxCompile Include="*Lib.hlsl" />
    <FxCompile Include="*Lib.hlsl" />
    <FxCompile Include="*Lib.hlsl" />
    <FxCompile Include="*Lib.hlsl" />
    <FxCompile Include="*Lib.hlsl" />
    <FxCompile Include="*Lib.hlsl" />
    <FxCompile Include="*Lib.hlsl" />
    <FxCompile Include="*Lib.hlsl" />
    <FxCompile Include="*Lib.hlsl" />
    <FxCompile Include="*Lib.hlsl" />
    <FxCompile Include="*Lib.hlsl" />
    <FxCompile Include="*Lib.hlsl" />
    <FxCompile Include="*Lib.hlsl" />
    <FxCompile Include="*Lib.hlsl" />
    <FxCompile Include="*Lib.hlsl" />
    <FxCompile Include="*Lib.hlsl" />
    <FxCompile Include="*Lib.hlsl" />
    <FxCompile Include="*Lib.hlsl" />
    <FxCompile Include="*Lib.hlsl" />
    <FxCompile Include="*Lib.hlsl" />
    <FxCompile Include="*Lib.hlsl" />
    <FxCompile Include="*Lib.hlsl" />
    <FxCompile Include="*Lib.hlsl" />
    <FxCompile Include="*Lib.hlsl" />
    <FxCompile Include="*Lib.hlsl" />
    <FxCompile Include="*Lib.hlsl" />
    <FxCompile Include="*Lib.hlsl" />
    <FxCompile Include="*Lib.hlsl" />
    <FxCompile Include="*Lib.hlsl" />
    <FxCompile Include="*Lib.hlsl" />
    <FxCompile Include="*Lib.hlsl" />
    <FxCompile Include="*Lib.hlsl" />
    <FxCompile Include="*Lib.hlsl" />
    <FxCompile Include="*Lib.hlsl" />
    <FxCompile Include="Source\DiffuseHitShaderLib.hlsl">
      <Filter>Shaders</Filter>
    </FxCompile>
    <FxCompile Include="Source\hitShaderLib.hlsl">
      <Filter>Shaders</Filter>
    </FxCompile>
    <FxCompile Include="Source\missShaderLib.hlsl">
      <Filter>Shaders</Filter>
    </FxCompile>
    <FxCompile Include="Source\missShadowsLib.hlsl">
      <Filter>Shaders</Filter>
    </FxCompile>
    <FxCompile Include="Source\RayGenerationShaderLib.hlsl">
      <Filter>Shaders</Filter>
    </FxCompile>
    <FxCompile Include="Source\RayGenerationShaderSSRLib.hlsl">
      <Filter>Shaders</Filter>
    </FxCompile>
    <FxCompile Include="Source\RayGenerationShadowsLib.hlsl">
      <Filter>Shaders</Filter>
    </FxCompile>
  </ItemGroup>
  <ItemGroup>
    <ClInclude Include="Source\RayTracingHlslCompat.h">
      <Filter>Shaders</Filter>
    </ClInclude>
    <ClInclude Include="Source\DXSampleHelper.h">
      <Filter>Source</Filter>
    </ClInclude>
    <ClInclude Include="Source\ModelViewerRayTracing.h">
      <Filter>Source</Filter>
    </ClInclude>
    <ClInclude Include="..\Libraries\DearImgui\imconfig.h">
      <Filter>Libraries\IMGUI</Filter>
    </ClInclude>
    <ClInclude Include="..\Libraries\DearImgui\imgui.h">
      <Filter>Libraries\IMGUI</Filter>
    </ClInclude>
    <ClInclude Include="..\Libraries\DearImgui\imgui_internal.h">
      <Filter>Libraries\IMGUI</Filter>
    </ClInclude>
    <ClInclude Include="..\Libraries\DearImgui\imstb_rectpack.h">
      <Filter>Libraries\IMGUI</Filter>
    </ClInclude>
    <ClInclude Include="..\Libraries\DearImgui\imstb_textedit.h">
      <Filter>Libraries\IMGUI</Filter>
    </ClInclude>
    <ClInclude Include="..\Libraries\DearImgui\imstb_truetype.h">
      <Filter>Libraries\IMGUI</Filter>
    </ClInclude>
    <ClInclude Include="..\Libraries\DearImgui\imgui_impl_dx12.h">
      <Filter>Libraries\IMGUI</Filter>
    </ClInclude>
    <ClInclude Include="..\Libraries\DearImgui\imgui_impl_win32.h">
      <Filter>Libraries\IMGUI</Filter>
    </ClInclude>
  </ItemGroup>
  <ItemGroup>
    <Image Include="Textures\Models\background.DDS">
      <Filter>Resources</Filter>
    </Image>
    <Image Include="Textures\Models\background_normal.DDS">
      <Filter>Resources</Filter>
    </Image>
    <Image Include="Textures\Models\chain_texture.DDS">
      <Filter>Resources</Filter>
    </Image>
    <Image Include="Textures\Models\chain_texture_normal.DDS">
      <Filter>Resources</Filter>
    </Image>
    <Image Include="Textures\default.DDS">
      <Filter>Resources</Filter>
    </Image>
    <Image Include="Textures\default_normal.DDS">
      <Filter>Resources</Filter>
    </Image>
    <Image Include="Textures\default_specular.DDS">
      <Filter>Resources</Filter>
    </Image>
    <Image Include="Textures\fire.dds">
      <Filter>Resources</Filter>
    </Image>
    <Image Include="Textures\Models\gi_flag.DDS">
      <Filter>Resources</Filter>
    </Image>
    <Image Include="Textures\Models\lion.DDS">
      <Filter>Resources</Filter>
    </Image>
    <Image Include="Textures\Models\lion_normal.DDS">
      <Filter>Resources</Filter>
    </Image>
    <Image Include="Textures\smoke.dds">
      <Filter>Resources</Filter>
    </Image>
    <Image Include="Textures\sparkTex.dds">
      <Filter>Resources</Filter>
    </Image>
    <Image Include="Textures\Models\spnza_bricks_a.DDS">
      <Filter>Resources</Filter>
    </Image>
    <Image Include="Textures\Models\spnza_bricks_a_normal.DDS">
      <Filter>Resources</Filter>
    </Image>
    <Image Include="Textures\Models\spnza_bricks_a_specular.DDS">
      <Filter>Resources</Filter>
    </Image>
    <Image Include="Textures\Models\sponza_arch.DDS">
      <Filter>Resources</Filter>
    </Image>
    <Image Include="Textures\Models\sponza_arch_normal.DDS">
      <Filter>Resources</Filter>
    </Image>
    <Image Include="Textures\Models\sponza_arch_specular.DDS">
      <Filter>Resources</Filter>
    </Image>
    <Image Include="Textures\Models\sponza_ceiling_a.DDS">
      <Filter>Resources</Filter>
    </Image>
    <Image Include="Textures\Models\sponza_ceiling_a_specular.DDS">
      <Filter>Resources</Filter>
    </Image>
    <Image Include="Textures\Models\sponza_column_a.DDS">
      <Filter>Resources</Filter>
    </Image>
    <Image Include="Textures\Models\sponza_column_a_normal.DDS">
      <Filter>Resources</Filter>
    </Image>
    <Image Include="Textures\Models\sponza_column_a_specular.DDS">
      <Filter>Resources</Filter>
    </Image>
    <Image Include="Textures\Models\sponza_column_b.DDS">
      <Filter>Resources</Filter>
    </Image>
    <Image Include="Textures\Models\sponza_column_b_normal.DDS">
      <Filter>Resources</Filter>
    </Image>
    <Image Include="Textures\Models\sponza_column_b_specular.DDS">
      <Filter>Resources</Filter>
    </Image>
    <Image Include="Textures\Models\sponza_column_c.DDS">
      <Filter>Resources</Filter>
    </Image>
    <Image Include="Textures\Models\sponza_column_c_normal.DDS">
      <Filter>Resources</Filter>
    </Image>
    <Image Include="Textures\Models\sponza_column_c_specular.DDS">
      <Filter>Resources</Filter>
    </Image>
    <Image Include="Textures\Models\sponza_curtain.DDS">
      <Filter>Resources</Filter>
    </Image>
    <Image Include="Textures\Models\sponza_curtain_blue.DDS">
      <Filter>Resources</Filter>
    </Image>
    <Image Include="Textures\Models\sponza_curtain_green.DDS">
      <Filter>Resources</Filter>
    </Image>
    <Image Include="Textures\Models\sponza_details.DDS">
      <Filter>Resources</Filter>
    </Image>
    <Image Include="Textures\Models\sponza_details_specular.DDS">
      <Filter>Resources</Filter>
    </Image>
    <Image Include="Textures\Models\sponza_fabric.DDS">
      <Filter>Resources</Filter>
    </Image>
    <Image Include="Textures\Models\sponza_fabric_blue.DDS">
      <Filter>Resources</Filter>
    </Image>
    <Image Include="Textures\Models\sponza_fabric_green.DDS">
      <Filter>Resources</Filter>
    </Image>
    <Image Include="Textures\Models\sponza_fabric_specular.DDS">
      <Filter>Resources</Filter>
    </Image>
    <Image Include="Textures\Models\sponza_flagpole.DDS">
      <Filter>Resources</Filter>
    </Image>
    <Image Include="Textures\Models\sponza_flagpole_specular.DDS">
      <Filter>Resources</Filter>
    </Image>
    <Image Include="Textures\Models\sponza_floor_a.DDS">
      <Filter>Resources</Filter>
    </Image>
    <Image Include="Textures\Models\sponza_floor_a_specular.DDS">
      <Filter>Resources</Filter>
    </Image>
    <Image Include="Textures\Models\sponza_roof.DDS">
      <Filter>Resources</Filter>
    </Image>
    <Image Include="Textures\Models\sponza_thorn.DDS">
      <Filter>Resources</Filter>
    </Image>
    <Image Include="Textures\Models\sponza_thorn_normal.DDS">
      <Filter>Resources</Filter>
    </Image>
    <Image Include="Textures\Models\sponza_thorn_specular.DDS">
      <Filter>Resources</Filter>
    </Image>
    <Image Include="Textures\Models\vase.DDS">
      <Filter>Resources</Filter>
    </Image>
    <Image Include="Textures\Models\vase_hanging.DDS">
      <Filter>Resources</Filter>
    </Image>
    <Image Include="Textures\Models\vase_normal.DDS">
      <Filter>Resources</Filter>
    </Image>
    <Image Include="Textures\Models\vase_plant.DDS">
      <Filter>Resources</Filter>
    </Image>
    <Image Include="Textures\Models\vase_plant_specular.DDS">
      <Filter>Resources</Filter>
    </Image>
    <Image Include="Textures\Models\vase_round.DDS">
      <Filter>Resources</Filter>
    </Image>
    <Image Include="Textures\Models\vase_round_normal.DDS">
      <Filter>Resources</Filter>
    </Image>
    <Image Include="Textures\Models\vase_round_specular.DDS">
      <Filter>Resources</Filter>
    </Image>
    <Image Include="Textures\Models\white.DDS">
      <Filter>Resources</Filter>
    </Image>
    <Image Include="Resources\Logo.png">
      <Filter>Resources</Filter>
    </Image>
    <Image Include="Resources\SmallLogo.png">
      <Filter>Resources</Filter>
    </Image>
    <Image Include="Resources\SplashScreen.png">
      <Filter>Resources</Filter>
    </Image>
    <Image Include="Resources\StoreLogo.png">
      <Filter>Resources</Filter>
    </Image>
    <Image Include="Resources\WideLogo.png">
      <Filter>Resources</Filter>
    </Image>
  </ItemGroup>
  <ItemGroup>
    <None Include="readme.md" />
    <None Include="packages.config" />
    <None Include="..\..\..\..\..\MiniEngine\ModelViewer\Sponza\sponza.h3d">
      <Filter>Resources</Filter>
    </None>
  </ItemGroup>
  <ItemGroup>
    <Filter Include="Shaders">
      <UniqueIdentifier>{432e44b5-99f5-4002-a860-0999ed4e2328}</UniqueIdentifier>
    </Filter>
    <Filter Include="Resources">
      <UniqueIdentifier>{8be3895e-9f38-4b8d-bf48-b94d69970e47}</UniqueIdentifier>
    </Filter>
    <Filter Include="Source">
      <UniqueIdentifier>{1d5be47d-35b8-4838-87fc-73d9bfddfc82}</UniqueIdentifier>
    </Filter>
    <Filter Include="Libraries">
      <UniqueIdentifier>{d70ff45b-35f7-48c4-b5d2-c36f935d7e9e}</UniqueIdentifier>
    </Filter>
    <Filter Include="Libraries\IMGUI">
      <UniqueIdentifier>{05658dd5-2655-42b3-8011-123c483781ec}</UniqueIdentifier>
    </Filter>
  </ItemGroup>
  <ItemGroup>
    <ClCompile Include="Source\ModelViewer.cpp">
      <Filter>Source</Filter>
    </ClCompile>
    <ClCompile Include="..\Libraries\DearImgui\imgui.cpp">
      <Filter>Libraries\IMGUI</Filter>
    </ClCompile>
    <ClCompile Include="..\Libraries\DearImgui\imgui_demo.cpp">
      <Filter>Libraries\IMGUI</Filter>
    </ClCompile>
    <ClCompile Include="..\Libraries\DearImgui\imgui_draw.cpp">
      <Filter>Libraries\IMGUI</Filter>
    </ClCompile>
    <ClCompile Include="..\Libraries\DearImgui\imgui_tables.cpp">
      <Filter>Libraries\IMGUI</Filter>
    </ClCompile>
    <ClCompile Include="..\Libraries\DearImgui\imgui_widgets.cpp">
      <Filter>Libraries\IMGUI</Filter>
    </ClCompile>
    <ClCompile Include="..\Libraries\DearImgui\imgui_impl_dx12.cpp">
      <Filter>Libraries\IMGUI</Filter>
    </ClCompile>
    <ClCompile Include="..\Libraries\DearImgui\imgui_impl_win32.cpp">
      <Filter>Libraries\IMGUI</Filter>
    </ClCompile>
  </ItemGroup>
</Project>