<?xml version="1.0" encoding="utf-8"?>
<Project ToolsVersion="4.0" xmlns="http://schemas.microsoft.com/developer/msbuild/2003">
  <ItemGroup>
    <FxCompile Include="*Lib.hlsl">
      <Filter>Shaders</Filter>
    </FxCompile>
    <FxCompile Include="*Lib.hlsl">
      <Filter>Shaders</Filter>
    </FxCompile>
    <FxCompile Include="*Lib.hlsl">
      <Filter>Shaders</Filter>
    </FxCompile>
    <FxCompile Include="*Lib.hlsl">
      <Filter>Shaders</Filter>
    </FxCompile>
    <FxCompile Include="*Lib.hlsl">
      <Filter>Shaders</Filter>
    </FxCompile>
    <FxCompile Include="*Lib.hlsl">
      <Filter>Shaders</Filter>
    </FxCompile>
    <FxCompile Include="*Lib.hlsl">
      <Filter>Shaders</Filter>
    </FxCompile>
    <FxCompile Include="*Lib.hlsl" />
    <FxCompile Include="*Lib.hlsl" />
    <FxCompile Include="*Lib.hlsl" />
    <FxCompile Include="*Lib.hlsl" />
    <FxCompile Include="*Lib.hlsl" />
    <FxCompile Include="*Lib.hlsl" />
    <FxCompile Include="*Lib.hlsl" />
    <FxCompile Include="*Lib.hlsl" />
    <FxCompile Include="*Lib.hlsl" />
    <FxCompile Include="*Lib.hlsl" />
    <FxCompile Include="*Lib.hlsl" />
    <FxCompile Include="*Lib.hlsl" />
    <FxCompile Include="*Lib.hlsl" />
    <FxCompile Include="*Lib.hlsl" />
    <FxCompile Include="*Lib.hlsl" />
    <FxCompile Include="*Lib.hlsl" />
    <FxCompile Include="*Lib.hlsl" />
    <FxCompile Include="*Lib.hlsl" />
    <FxCompile Include="*Lib.hlsl" />
    <FxCompile Include="*Lib.hlsl" />
    <FxCompile Include="*Lib.hlsl" />
    <FxCompile Include="*Lib.hlsl" />
    <FxCompile Include="*Lib.hlsl" />
    <FxCompile Include="*Lib.hlsl" />
    <FxCompile Include="*Lib.hlsl" />
    <FxCompile Include="*Lib.hlsl" />
    <FxCompile Include="*Lib.hlsl" />
    <FxCompile Include="*Lib.hlsl" />
    <FxCompile Include="*Lib.hlsl" />
    <FxCompile Include="*Lib.hlsl" />
    <FxCompile Include="*Lib.hlsl" />
    <FxCompile Include="*Lib.hlsl" />
    <FxCompile Include="*Lib.hlsl" />
    <FxCompile Include="*Lib.hlsl" />
    <FxCompile Include="*Lib.hlsl" />
    <FxCompile Include="*Lib.hlsl" />
    <FxCompile Include="*Lib.hlsl" />
    <FxCompile Include="*Lib.hlsl" />
    <FxCompile Include="*Lib.hlsl" />
    <FxCompile Include="*Lib.hlsl" />
    <FxCompile Include="*Lib.hlsl" />
    <FxCompile Include="*Lib.hlsl" />
    <FxCompile Include="*Lib.hlsl" />
    <FxCompile Include="*Lib.hlsl" />
    <FxCompile Include="*Lib.hlsl" />
    <FxCompile Include="*Lib.hlsl" />
    <FxCompile Include="*Lib.hlsl" />
    <FxCompile Include="*Lib.hlsl" />
    <FxCompile Include="*Lib.hlsl" />
    <FxCompile Include="*Lib.hlsl" />
    <FxCompile Include="*Lib.hlsl" />
    <FxCompile Include="*Lib.hlsl" />
    <FxCompile Include="*Lib.hlsl" />
    <FxCompile Include="*Lib.hlsl" />
    <FxCompile Include="*Lib.hlsl" />
    <FxCompile Include="*Lib.hlsl" />
    <FxCompile Include="*Lib.hlsl" />
    <FxCompile Include="*Lib.hlsl" />
    <FxCompile Include="*Lib.hlsl" />
    <FxCompile Include="*Lib.hlsl" />
    <FxCompile Include="*Lib.hlsl" />
    <FxCompile Include="*Lib.hlsl" />
    <FxCompile Include="*Lib.hlsl" />
    <FxCompile Include="*Lib.hlsl" />
    <FxCompile Include="*Lib.hlsl" />
    <FxCompile Include="*Lib.hlsl" />
    <FxCompile Include="*Lib.hlsl">
      <Filter>Shaders</Filter>
    </FxCompile>
    <FxCompile Include="*Lib.hlsl">
      <Filter>Shaders</Filter>
    </FxCompile>
    <FxCompile Include="*Lib.hlsl">
      <Filter>Shaders</Filter>
    </FxCompile>
    <FxCompile Include="*Lib.hlsl">
      <Filter>Shaders</Filter>
    </FxCompile>
    <FxCompile Include="*Lib.hlsl">
      <Filter>Shaders</Filter>
    </FxCompile>
    <FxCompile Include="*Lib.hlsl">
      <Filter>Shaders</Filter>
    </FxCompile>
    <FxCompile Include="*Lib.hlsl">
      <Filter>Shaders</Filter>
    </FxCompile>
    <FxCompile Include="*Lib.hlsl" />
    <FxCompile Include="*Lib.hlsl" />
    <FxCompile Include="*Lib.hlsl" />
    <FxCompile Include="*Lib.hlsl" />
    <FxCompile Include="*Lib.hlsl" />
    <FxCompile Include="*Lib.hlsl" />
    <FxCompile Include="*Lib.hlsl" />
    <FxCompile Include="*Lib.hlsl" />
    <FxCompile Include="*Lib.hlsl" />
    <FxCompile Include="*Lib.hlsl" />
    <FxCompile Include="*Lib.hlsl" />
    <FxCompile Include="*Lib.hlsl" />
    <FxCompile Include="*Lib.hlsl" />
    <FxCompile Include="*Lib.hlsl" />
    <FxCompile Include="*Lib.hlsl" />
    <FxCompile Include="*Lib.hlsl" />
    <FxCompile Include="*Lib.hlsl" />
    <FxCompile Include="*Lib.hlsl" />
    <FxCompile Include="*Lib.hlsl" />
    <FxCompile Include="*Lib.hlsl" />
    <FxCompile Include="*Lib.hlsl" />
    <FxCompile Include="*Lib.hlsl" />
    <FxCompile Include="*Lib.hlsl" />
    <FxCompile Include="*Lib.hlsl" />
    <FxCompile Include="*Lib.hlsl" />
    <FxCompile Include="*Lib.hlsl" />
    <FxCompile Include="*Lib.hlsl" />
    <FxCompile Include="*Lib.hlsl" />
    <FxCompile Include="*Lib.hlsl" />
    <FxCompile Include="*Lib.hlsl" />
    <FxCompile Include="*Lib.hlsl" />
    <FxCompile Include="*Lib.hlsl" />
    <FxCompile Include="*Lib.hlsl" />
    <FxCompile Include="*Lib.hlsl" />
    <FxCompile Include="*Lib.hlsl" />
    <FxCompile Include="*Lib.hlsl" />
    <FxCompile Include="*Lib.hlsl" />
    <FxCompile Include="*Lib.hlsl" />
    <FxCompile Include="*Lib.hlsl" />
    <FxCompile Include="*Lib.hlsl" />
    <FxCompile Include="*Lib.hlsl" />
    <FxCompile Include="*Lib.hlsl" />
    <FxCompile Include="*Lib.hlsl" />
    <FxCompile Include="*Lib.hlsl" />
    <FxCompile Include="*Lib.hlsl" />
    <FxCompile Include="*Lib.hlsl" />
    <FxCompile Include="*Lib.hlsl" />
    <FxCompile Include="*Lib.hlsl" />
    <FxCompile Include="*Lib.hlsl" />
    <FxCompile Include="*Lib.hlsl" />
    <FxCompile Include="*Lib.hlsl" />
    <FxCompile Include="*Lib.hlsl" />
    <FxCompile Include="*Lib.hlsl" />
    <FxCompile Include="*Lib.hlsl" />
    <FxCompile Include="*Lib.hlsl" />
    <FxCompile Include="*Lib.hlsl" />
    <FxCompile Include="*Lib.hlsl" />
    <FxCompile Include="*Lib.hlsl" />
    <FxCompile Include="*Lib.hlsl" />
    <FxCompile Include="*Lib.hlsl" />
    <FxCompile Include="*Lib.hlsl" />
    <FxCompile Include="*Lib.hlsl" />
    <FxCompile Include="*Lib.hlsl" />
    <FxCompile Include="*Lib.hlsl" />
    <FxCompile Include="*Lib.hlsl" />
    <FxCompile Include="*Lib.hlsl" />
    <FxCompile Include="*Lib.hlsl" />
    <FxCompile Include="*Lib.hlsl" />
    <FxCompile Include="*Lib.hlsl" />
    <FxCompile Include="*Lib.hlsl" />
    <FxCompile Include="*Lib.hlsl" />
    <FxCompile Include="*Lib.hlsl" />
    <FxCompile Include="*Lib.hlsl" />
    <FxCompile Include="*Lib.hlsl" />
    <FxCompile Include="*Lib.hlsl" />
    <FxCompile Include="*Lib.hlsl" />
    <FxCompile Include="*Lib.hlsl" />
    <FxCompile Include="*Lib.hlsl" />
    <FxCompile Include="Source\DiffuseHitShaderLib.hlsl" />
    <FxCompile Include="Source\hitShaderLib.hlsl" />
    <FxCompile Include="Source\missShaderLib.hlsl" />
    <FxCompile Include="Source\missShadowsLib.hlsl" />
    <FxCompile Include="Source\RayGenerationShaderLib.hlsl" />
    <FxCompile Include="Source\RayGenerationShaderSSRLib.hlsl" />
    <FxCompile Include="Source\RayGenerationShadowsLib.hlsl" />
    <FxCompile Include="Source\shaders.hlsl">
      <Filter>Primitive</Filter>
    </FxCompile>
  </ItemGroup>
  <ItemGroup>
    <ClCompile Include="Source\ModelViewer.cpp" />
    <ClCompile Include="Source\UI\UIManager.cpp" />
    <ClCompile Include="Source\UI\UIScreen.cpp" />
    <ClCompile Include="Source\UI\ColorPickerScreen.cpp" />
    <ClCompile Include="Source\UI\CreditsScreen.cpp" />
    <ClCompile Include="Source\UI\HierarchyScreen.cpp" />
    <ClCompile Include="Source\UI\InspectorScreen.cpp" />
    <ClCompile Include="Source\UI\MenuScreen.cpp" />
    <ClCompile Include="Source\UI\ProfilerScreen.cpp" />
    <ClCompile Include="Source\UI\SceneToolsScreen.cpp" />
    <ClCompile Include="Source\EngineState.cpp" />
    <ClCompile Include="imgui-docking\imgui.cpp" />
    <ClCompile Include="imgui-docking\imgui_demo.cpp" />
    <ClCompile Include="imgui-docking\imgui_draw.cpp" />
    <ClCompile Include="imgui-docking\imgui_impl_dx12.cpp" />
    <ClCompile Include="imgui-docking\imgui_impl_win32.cpp" />
    <ClCompile Include="imgui-docking\imgui_stdlib.cpp" />
    <ClCompile Include="imgui-docking\imgui_tables.cpp" />
    <ClCompile Include="imgui-docking\imgui_widgets.cpp" />
    <ClCompile Include="Source\Primitive.cpp">
      <Filter>Primitive</Filter>
    </ClCompile>
<<<<<<< Updated upstream
    <ClCompile Include="Libs\AccelerationStructures.cpp">
      <Filter>Utils</Filter>
    </ClCompile>
    <ClCompile Include="Libs\D3D12GraphicsContext.cpp">
      <Filter>Utils</Filter>
    </ClCompile>
    <ClCompile Include="Libs\GraphicsPipeline.cpp">
      <Filter>Utils</Filter>
    </ClCompile>
    <ClCompile Include="Libs\RTPipeline.cpp">
      <Filter>Utils</Filter>
    </ClCompile>
    <ClCompile Include="Source\Primitives\Cube.cpp">
      <Filter>Primitives</Filter>
    </ClCompile>
    <ClCompile Include="Source\Primitives\Primitive.cpp">
      <Filter>Primitives</Filter>
    </ClCompile>
    <ClCompile Include="Source\Primitives\Quad.cpp">
      <Filter>Primitives</Filter>
    </ClCompile>
    <ClCompile Include="Source\Primitives\Sphere.cpp">
      <Filter>Primitives</Filter>
    </ClCompile>
    <ClCompile Include="Source\Object.cpp">
      <Filter>Primitives</Filter>
    </ClCompile>
    <ClCompile Include="Source\ObjectManager.cpp">
      <Filter>Primitives</Filter>
    </ClCompile>
    <ClCompile Include="Source\Window.cpp">
      <Filter>Window</Filter>
    </ClCompile>
    <ClCompile Include="Source\Win32Application.cpp">
      <Filter>Window</Filter>
    </ClCompile>
    <ClCompile Include="Source\EngineTime.cpp">
      <Filter>Window</Filter>
    </ClCompile>
=======
>>>>>>> Stashed changes
  </ItemGroup>
  <ItemGroup>
    <ClInclude Include="Source\DXSampleHelper.h" />
    <ClInclude Include="Source\ModelViewerRayTracing.h" />
    <ClInclude Include="Source\RayTracingHlslCompat.h" />
    <ClInclude Include="Source\UI\UIInclude.h" />
    <ClInclude Include="Source\UI\UIManager.h" />
    <ClInclude Include="Source\UI\UIScreen.h" />
    <ClInclude Include="Source\UI\ColorPickerScreen.h" />
    <ClInclude Include="Source\UI\CreditsScreen.h" />
    <ClInclude Include="Source\UI\HierarchyScreen.h" />
    <ClInclude Include="Source\UI\ImGuiInclude.h" />
    <ClInclude Include="Source\UI\InspectorScreen.h" />
    <ClInclude Include="Source\UI\MenuScreen.h" />
    <ClInclude Include="Source\UI\ProfilerScreen.h" />
    <ClInclude Include="Source\UI\SceneToolsScreen.h" />
    <ClInclude Include="Source\EngineState.h" />
    <ClInclude Include="imgui-docking\imconfig.h" />
    <ClInclude Include="imgui-docking\imgui.h" />
    <ClInclude Include="imgui-docking\imgui_impl_dx12.h" />
    <ClInclude Include="imgui-docking\imgui_impl_win32.h" />
    <ClInclude Include="imgui-docking\imgui_internal.h" />
    <ClInclude Include="imgui-docking\imgui_stdlib.h" />
    <ClInclude Include="imgui-docking\imstb_rectpack.h" />
    <ClInclude Include="imgui-docking\imstb_textedit.h" />
    <ClInclude Include="imgui-docking\imstb_truetype.h" />
    <ClInclude Include="Source\Primitive.h">
      <Filter>Primitive</Filter>
    </ClInclude>
<<<<<<< Updated upstream
    <ClInclude Include="Libs\AccelerationStructures.h">
      <Filter>Utils</Filter>
    </ClInclude>
    <ClInclude Include="Libs\D3D12GraphicsContext.h">
      <Filter>Utils</Filter>
    </ClInclude>
    <ClInclude Include="Libs\GraphicsPipeline.h">
      <Filter>Utils</Filter>
    </ClInclude>
    <ClInclude Include="Libs\RTPipeline.h">
      <Filter>Utils</Filter>
    </ClInclude>
    <ClInclude Include="Libs\Structs\AccelerationStructureBuffers.h">
      <Filter>Utils</Filter>
    </ClInclude>
    <ClInclude Include="Libs\Structs\DxilLibrary.h">
      <Filter>Utils</Filter>
    </ClInclude>
    <ClInclude Include="Libs\Structs\ExportAssociation.h">
      <Filter>Utils</Filter>
    </ClInclude>
    <ClInclude Include="Libs\Structs\FrameObject.h">
      <Filter>Utils</Filter>
    </ClInclude>
    <ClInclude Include="Libs\Structs\GlobalRootSignature.h">
      <Filter>Utils</Filter>
    </ClInclude>
    <ClInclude Include="Libs\Structs\HeapData.h">
      <Filter>Utils</Filter>
    </ClInclude>
    <ClInclude Include="Libs\Structs\HitProgram.h">
      <Filter>Utils</Filter>
    </ClInclude>
    <ClInclude Include="Libs\Structs\LocalRootSignature.h">
      <Filter>Utils</Filter>
    </ClInclude>
    <ClInclude Include="Libs\Structs\PipelineConfig.h">
      <Filter>Utils</Filter>
    </ClInclude>
    <ClInclude Include="Libs\Structs\PrimitiveCB.h">
      <Filter>Utils</Filter>
    </ClInclude>
    <ClInclude Include="Libs\Structs\SceneCB.h">
      <Filter>Utils</Filter>
    </ClInclude>
    <ClInclude Include="Libs\Structs\ShaderConfig.h">
      <Filter>Utils</Filter>
    </ClInclude>
    <ClInclude Include="Libs\Structs\VertexPositionNormalTangentTexture.h">
      <Filter>Utils</Filter>
    </ClInclude>
    <ClInclude Include="Libs\InterfacePointers.h">
      <Filter>Utils</Filter>
    </ClInclude>
    <ClInclude Include="Source\Primitives\Cube.h">
      <Filter>Primitives</Filter>
    </ClInclude>
    <ClInclude Include="Source\Primitives\Primitive.h">
      <Filter>Primitives</Filter>
    </ClInclude>
    <ClInclude Include="Source\Primitives\Quad.h">
      <Filter>Primitives</Filter>
    </ClInclude>
    <ClInclude Include="Source\Primitives\Sphere.h">
      <Filter>Primitives</Filter>
    </ClInclude>
    <ClInclude Include="Source\Object.h">
      <Filter>Primitives</Filter>
    </ClInclude>
    <ClInclude Include="Source\ObjectManager.h">
      <Filter>Primitives</Filter>
    </ClInclude>
    <ClInclude Include="Source\Window.h">
      <Filter>Window</Filter>
    </ClInclude>
    <ClInclude Include="Source\Win32Application.h">
      <Filter>Window</Filter>
    </ClInclude>
    <ClInclude Include="Source\EngineTime.h">
      <Filter>Window</Filter>
    </ClInclude>
=======
>>>>>>> Stashed changes
  </ItemGroup>
  <ItemGroup>
    <Image Include="Textures\Models\background.DDS">
      <Filter>Resources</Filter>
    </Image>
    <Image Include="Textures\Models\background_normal.DDS">
      <Filter>Resources</Filter>
    </Image>
    <Image Include="Textures\Models\chain_texture.DDS">
      <Filter>Resources</Filter>
    </Image>
    <Image Include="Textures\Models\chain_texture_normal.DDS">
      <Filter>Resources</Filter>
    </Image>
    <Image Include="Textures\default.DDS">
      <Filter>Resources</Filter>
    </Image>
    <Image Include="Textures\default_normal.DDS">
      <Filter>Resources</Filter>
    </Image>
    <Image Include="Textures\default_specular.DDS">
      <Filter>Resources</Filter>
    </Image>
    <Image Include="Textures\fire.dds">
      <Filter>Resources</Filter>
    </Image>
    <Image Include="Textures\Models\gi_flag.DDS">
      <Filter>Resources</Filter>
    </Image>
    <Image Include="Textures\Models\lion.DDS">
      <Filter>Resources</Filter>
    </Image>
    <Image Include="Textures\Models\lion_normal.DDS">
      <Filter>Resources</Filter>
    </Image>
    <Image Include="Textures\smoke.dds">
      <Filter>Resources</Filter>
    </Image>
    <Image Include="Textures\sparkTex.dds">
      <Filter>Resources</Filter>
    </Image>
    <Image Include="Textures\Models\spnza_bricks_a.DDS">
      <Filter>Resources</Filter>
    </Image>
    <Image Include="Textures\Models\spnza_bricks_a_normal.DDS">
      <Filter>Resources</Filter>
    </Image>
    <Image Include="Textures\Models\spnza_bricks_a_specular.DDS">
      <Filter>Resources</Filter>
    </Image>
    <Image Include="Textures\Models\sponza_arch.DDS">
      <Filter>Resources</Filter>
    </Image>
    <Image Include="Textures\Models\sponza_arch_normal.DDS">
      <Filter>Resources</Filter>
    </Image>
    <Image Include="Textures\Models\sponza_arch_specular.DDS">
      <Filter>Resources</Filter>
    </Image>
    <Image Include="Textures\Models\sponza_ceiling_a.DDS">
      <Filter>Resources</Filter>
    </Image>
    <Image Include="Textures\Models\sponza_ceiling_a_specular.DDS">
      <Filter>Resources</Filter>
    </Image>
    <Image Include="Textures\Models\sponza_column_a.DDS">
      <Filter>Resources</Filter>
    </Image>
    <Image Include="Textures\Models\sponza_column_a_normal.DDS">
      <Filter>Resources</Filter>
    </Image>
    <Image Include="Textures\Models\sponza_column_a_specular.DDS">
      <Filter>Resources</Filter>
    </Image>
    <Image Include="Textures\Models\sponza_column_b.DDS">
      <Filter>Resources</Filter>
    </Image>
    <Image Include="Textures\Models\sponza_column_b_normal.DDS">
      <Filter>Resources</Filter>
    </Image>
    <Image Include="Textures\Models\sponza_column_b_specular.DDS">
      <Filter>Resources</Filter>
    </Image>
    <Image Include="Textures\Models\sponza_column_c.DDS">
      <Filter>Resources</Filter>
    </Image>
    <Image Include="Textures\Models\sponza_column_c_normal.DDS">
      <Filter>Resources</Filter>
    </Image>
    <Image Include="Textures\Models\sponza_column_c_specular.DDS">
      <Filter>Resources</Filter>
    </Image>
    <Image Include="Textures\Models\sponza_curtain.DDS">
      <Filter>Resources</Filter>
    </Image>
    <Image Include="Textures\Models\sponza_curtain_blue.DDS">
      <Filter>Resources</Filter>
    </Image>
    <Image Include="Textures\Models\sponza_curtain_green.DDS">
      <Filter>Resources</Filter>
    </Image>
    <Image Include="Textures\Models\sponza_details.DDS">
      <Filter>Resources</Filter>
    </Image>
    <Image Include="Textures\Models\sponza_details_specular.DDS">
      <Filter>Resources</Filter>
    </Image>
    <Image Include="Textures\Models\sponza_fabric.DDS">
      <Filter>Resources</Filter>
    </Image>
    <Image Include="Textures\Models\sponza_fabric_blue.DDS">
      <Filter>Resources</Filter>
    </Image>
    <Image Include="Textures\Models\sponza_fabric_green.DDS">
      <Filter>Resources</Filter>
    </Image>
    <Image Include="Textures\Models\sponza_fabric_specular.DDS">
      <Filter>Resources</Filter>
    </Image>
    <Image Include="Textures\Models\sponza_flagpole.DDS">
      <Filter>Resources</Filter>
    </Image>
    <Image Include="Textures\Models\sponza_flagpole_specular.DDS">
      <Filter>Resources</Filter>
    </Image>
    <Image Include="Textures\Models\sponza_floor_a.DDS">
      <Filter>Resources</Filter>
    </Image>
    <Image Include="Textures\Models\sponza_floor_a_specular.DDS">
      <Filter>Resources</Filter>
    </Image>
    <Image Include="Textures\Models\sponza_roof.DDS">
      <Filter>Resources</Filter>
    </Image>
    <Image Include="Textures\Models\sponza_thorn.DDS">
      <Filter>Resources</Filter>
    </Image>
    <Image Include="Textures\Models\sponza_thorn_normal.DDS">
      <Filter>Resources</Filter>
    </Image>
    <Image Include="Textures\Models\sponza_thorn_specular.DDS">
      <Filter>Resources</Filter>
    </Image>
    <Image Include="Textures\Models\vase.DDS">
      <Filter>Resources</Filter>
    </Image>
    <Image Include="Textures\Models\vase_hanging.DDS">
      <Filter>Resources</Filter>
    </Image>
    <Image Include="Textures\Models\vase_normal.DDS">
      <Filter>Resources</Filter>
    </Image>
    <Image Include="Textures\Models\vase_plant.DDS">
      <Filter>Resources</Filter>
    </Image>
    <Image Include="Textures\Models\vase_plant_specular.DDS">
      <Filter>Resources</Filter>
    </Image>
    <Image Include="Textures\Models\vase_round.DDS">
      <Filter>Resources</Filter>
    </Image>
    <Image Include="Textures\Models\vase_round_normal.DDS">
      <Filter>Resources</Filter>
    </Image>
    <Image Include="Textures\Models\vase_round_specular.DDS">
      <Filter>Resources</Filter>
    </Image>
    <Image Include="Textures\Models\white.DDS">
      <Filter>Resources</Filter>
    </Image>
    <Image Include="Resources\Logo.png" />
    <Image Include="Resources\SmallLogo.png" />
    <Image Include="Resources\SplashScreen.png" />
    <Image Include="Resources\StoreLogo.png" />
    <Image Include="Resources\WideLogo.png" />
  </ItemGroup>
  <ItemGroup>
    <None Include="readme.md" />
    <None Include="packages.config" />
    <None Include="..\..\..\..\..\MiniEngine\ModelViewer\Sponza\sponza.h3d">
      <Filter>Resources</Filter>
    </None>
    <None Include="imgui-docking\imgui.natstepfilter" />
  </ItemGroup>
  <ItemGroup>
    <Filter Include="Shaders">
      <UniqueIdentifier>{432e44b5-99f5-4002-a860-0999ed4e2328}</UniqueIdentifier>
    </Filter>
    <Filter Include="Resources">
      <UniqueIdentifier>{8be3895e-9f38-4b8d-bf48-b94d69970e47}</UniqueIdentifier>
    </Filter>
    <Filter Include="Primitive">
      <UniqueIdentifier>{38b0d3ab-cbc8-4e48-a302-e3a64ae89957}</UniqueIdentifier>
    </Filter>
    <Filter Include="Utils">
      <UniqueIdentifier>{f155da7c-def4-4c09-a042-adb01358042e}</UniqueIdentifier>
    </Filter>
    <Filter Include="Primitives">
      <UniqueIdentifier>{1b68235b-3866-4f0a-a858-95859b23b763}</UniqueIdentifier>
    </Filter>
    <Filter Include="Window">
      <UniqueIdentifier>{0ee3294f-34ee-4a02-943a-ce1a2db960c9}</UniqueIdentifier>
    </Filter>
  </ItemGroup>
  <ItemGroup>
    <Natvis Include="imgui-docking\imgui.natvis" />
  </ItemGroup>
</Project>